
Microsoft Visual Studio Solution File, Format Version 12.00
# Visual Studio Version 17
VisualStudioVersion = 17.8.34322.80
MinimumVisualStudioVersion = 10.0.40219.1
Project("{FAE04EC0-301F-11D3-BF4B-00C04F79EFBC}") = "solutions", "solutions.csproj", "{974C8E22-B665-45D2-80CB-9E3079963B1A}"
EndProject
Global
	GlobalSection(SolutionConfigurationPlatforms) = preSolution
		Debug|Any CPU = Debug|Any CPU
		Release|Any CPU = Release|Any CPU
	EndGlobalSection
	GlobalSection(ProjectConfigurationPlatforms) = postSolution
		{974C8E22-B665-45D2-80CB-9E3079963B1A}.Debug|Any CPU.ActiveCfg = Debug|Any CPU
		{974C8E22-B665-45D2-80CB-9E3079963B1A}.Debug|Any CPU.Build.0 = Debug|Any CPU
		{974C8E22-B665-45D2-80CB-9E3079963B1A}.Release|Any CPU.ActiveCfg = Release|Any CPU
		{974C8E22-B665-45D2-80CB-9E3079963B1A}.Release|Any CPU.Build.0 = Release|Any CPU
	EndGlobalSection
	GlobalSection(SolutionProperties) = preSolution
		HideSolutionNode = FALSE
	EndGlobalSection
	GlobalSection(ExtensibilityGlobals) = postSolution
		SolutionGuid = {A3709CB2-2359-44D6-9559-DCE8C1C9BBD2}
	EndGlobalSection
EndGlobal
